
Microsoft Visual Studio Solution File, Format Version 12.00
# Visual Studio 15
VisualStudioVersion = 15.0.26124.0
MinimumVisualStudioVersion = 15.0.26124.0
Project("{FAE04EC0-301F-11D3-BF4B-00C04F79EFBC}") = "Client", "Client\Client.csproj", "{C335995F-6DC6-4F8C-9258-01EDF6011538}"
EndProject
Project("{FAE04EC0-301F-11D3-BF4B-00C04F79EFBC}") = "Server", "Server\Server.csproj", "{50F0E031-897E-4AAF-937D-9AC9E812B931}"
EndProject
Global
	GlobalSection(SolutionConfigurationPlatforms) = preSolution
		Debug|Any CPU = Debug|Any CPU
		Debug|x64 = Debug|x64
		Debug|x86 = Debug|x86
		Release|Any CPU = Release|Any CPU
		Release|x64 = Release|x64
		Release|x86 = Release|x86
	EndGlobalSection
	GlobalSection(SolutionProperties) = preSolution
		HideSolutionNode = FALSE
	EndGlobalSection
	GlobalSection(ProjectConfigurationPlatforms) = postSolution
		{C335995F-6DC6-4F8C-9258-01EDF6011538}.Debug|Any CPU.ActiveCfg = Debug|Any CPU
		{C335995F-6DC6-4F8C-9258-01EDF6011538}.Debug|Any CPU.Build.0 = Debug|Any CPU
		{C335995F-6DC6-4F8C-9258-01EDF6011538}.Debug|x64.ActiveCfg = Debug|Any CPU
		{C335995F-6DC6-4F8C-9258-01EDF6011538}.Debug|x64.Build.0 = Debug|Any CPU
		{C335995F-6DC6-4F8C-9258-01EDF6011538}.Debug|x86.ActiveCfg = Debug|Any CPU
		{C335995F-6DC6-4F8C-9258-01EDF6011538}.Debug|x86.Build.0 = Debug|Any CPU
		{C335995F-6DC6-4F8C-9258-01EDF6011538}.Release|Any CPU.ActiveCfg = Release|Any CPU
		{C335995F-6DC6-4F8C-9258-01EDF6011538}.Release|Any CPU.Build.0 = Release|Any CPU
		{C335995F-6DC6-4F8C-9258-01EDF6011538}.Release|x64.ActiveCfg = Release|Any CPU
		{C335995F-6DC6-4F8C-9258-01EDF6011538}.Release|x64.Build.0 = Release|Any CPU
		{C335995F-6DC6-4F8C-9258-01EDF6011538}.Release|x86.ActiveCfg = Release|Any CPU
		{C335995F-6DC6-4F8C-9258-01EDF6011538}.Release|x86.Build.0 = Release|Any CPU
		{50F0E031-897E-4AAF-937D-9AC9E812B931}.Debug|Any CPU.ActiveCfg = Debug|Any CPU
		{50F0E031-897E-4AAF-937D-9AC9E812B931}.Debug|Any CPU.Build.0 = Debug|Any CPU
		{50F0E031-897E-4AAF-937D-9AC9E812B931}.Debug|x64.ActiveCfg = Debug|Any CPU
		{50F0E031-897E-4AAF-937D-9AC9E812B931}.Debug|x64.Build.0 = Debug|Any CPU
		{50F0E031-897E-4AAF-937D-9AC9E812B931}.Debug|x86.ActiveCfg = Debug|Any CPU
		{50F0E031-897E-4AAF-937D-9AC9E812B931}.Debug|x86.Build.0 = Debug|Any CPU
		{50F0E031-897E-4AAF-937D-9AC9E812B931}.Release|Any CPU.ActiveCfg = Release|Any CPU
		{50F0E031-897E-4AAF-937D-9AC9E812B931}.Release|Any CPU.Build.0 = Release|Any CPU
		{50F0E031-897E-4AAF-937D-9AC9E812B931}.Release|x64.ActiveCfg = Release|Any CPU
		{50F0E031-897E-4AAF-937D-9AC9E812B931}.Release|x64.Build.0 = Release|Any CPU
		{50F0E031-897E-4AAF-937D-9AC9E812B931}.Release|x86.ActiveCfg = Release|Any CPU
		{50F0E031-897E-4AAF-937D-9AC9E812B931}.Release|x86.Build.0 = Release|Any CPU
	EndGlobalSection
EndGlobal
